
Microsoft Visual Studio Solution File, Format Version 12.00
# Visual Studio 2013
VisualStudioVersion = 12.0.31101.0
MinimumVisualStudioVersion = 10.0.40219.1
Project("{8BC9CEB8-8B4A-11D0-8D11-00A0C91BC942}") = "Search a 2D Matrix", "Search a 2D Matrix\Search a 2D Matrix.vcxproj", "{C1F19E99-D3E4-4DC4-B368-0BA88CEA632A}"
EndProject
Project("{8BC9CEB8-8B4A-11D0-8D11-00A0C91BC942}") = "Binary Tree Level Order Traversal II", "Binary Tree Level Order Traversal II\Binary Tree Level Order Traversal II.vcxproj", "{A163F276-07E2-40B3-978C-96DA2EE3650E}"
EndProject
Project("{8BC9CEB8-8B4A-11D0-8D11-00A0C91BC942}") = "Count and Say", "Count and Say\Count and Say.vcxproj", "{A9F17CCD-BEC2-48B2-99CF-AD7D54112B85}"
EndProject
Project("{8BC9CEB8-8B4A-11D0-8D11-00A0C91BC942}") = "Minimum Window Substring", "Minimum Window Substring\Minimum Window Substring.vcxproj", "{32F84D19-D35A-44E8-9295-DB881C3F2290}"
EndProject
Project("{8BC9CEB8-8B4A-11D0-8D11-00A0C91BC942}") = "Find Peak Element", "Find Peak Element\Find Peak Element.vcxproj", "{529024CA-850E-4906-9EEB-9E5805035D81}"
EndProject
Project("{8BC9CEB8-8B4A-11D0-8D11-00A0C91BC942}") = "Min Stack", "Min Stack\Min Stack.vcxproj", "{408F9256-B006-4077-B4E3-8DD587715913}"
EndProject
Project("{8BC9CEB8-8B4A-11D0-8D11-00A0C91BC942}") = "Reverse Words in a String", "Reverse Words in a String\Reverse Words in a String.vcxproj", "{7E9CED57-2D61-4AA1-A535-A5864F8425CC}"
EndProject
Project("{8BC9CEB8-8B4A-11D0-8D11-00A0C91BC942}") = "Word Ladder II", "Word Ladder II\Word Ladder II.vcxproj", "{5FF11CAC-72FB-45C9-BF07-4EA3ABC18FF7}"
EndProject
Project("{8BC9CEB8-8B4A-11D0-8D11-00A0C91BC942}") = "Two Sum", "Two Sum\Two Sum.vcxproj", "{4AAF2734-1A07-4DC5-8D15-73337DBB0FC9}"
EndProject
Project("{8BC9CEB8-8B4A-11D0-8D11-00A0C91BC942}") = "Add Two Numbers", "Add Two Numbers\Add Two Numbers.vcxproj", "{073F4C82-2BE6-45A0-AE69-02C4996C9041}"
EndProject
Project("{8BC9CEB8-8B4A-11D0-8D11-00A0C91BC942}") = "NQueens", "NQueens\NQueens.vcxproj", "{C9E90721-2C38-4CBA-AF3D-96CCA0A88156}"
EndProject
Global
	GlobalSection(SolutionConfigurationPlatforms) = preSolution
		Debug|Win32 = Debug|Win32
		Release|Win32 = Release|Win32
	EndGlobalSection
	GlobalSection(ProjectConfigurationPlatforms) = postSolution
		{C1F19E99-D3E4-4DC4-B368-0BA88CEA632A}.Debug|Win32.ActiveCfg = Debug|Win32
		{C1F19E99-D3E4-4DC4-B368-0BA88CEA632A}.Debug|Win32.Build.0 = Debug|Win32
		{C1F19E99-D3E4-4DC4-B368-0BA88CEA632A}.Release|Win32.ActiveCfg = Release|Win32
		{C1F19E99-D3E4-4DC4-B368-0BA88CEA632A}.Release|Win32.Build.0 = Release|Win32
		{A163F276-07E2-40B3-978C-96DA2EE3650E}.Debug|Win32.ActiveCfg = Debug|Win32
		{A163F276-07E2-40B3-978C-96DA2EE3650E}.Debug|Win32.Build.0 = Debug|Win32
		{A163F276-07E2-40B3-978C-96DA2EE3650E}.Release|Win32.ActiveCfg = Release|Win32
		{A163F276-07E2-40B3-978C-96DA2EE3650E}.Release|Win32.Build.0 = Release|Win32
		{A9F17CCD-BEC2-48B2-99CF-AD7D54112B85}.Debug|Win32.ActiveCfg = Debug|Win32
		{A9F17CCD-BEC2-48B2-99CF-AD7D54112B85}.Debug|Win32.Build.0 = Debug|Win32
		{A9F17CCD-BEC2-48B2-99CF-AD7D54112B85}.Release|Win32.ActiveCfg = Release|Win32
		{A9F17CCD-BEC2-48B2-99CF-AD7D54112B85}.Release|Win32.Build.0 = Release|Win32
		{32F84D19-D35A-44E8-9295-DB881C3F2290}.Debug|Win32.ActiveCfg = Debug|Win32
		{32F84D19-D35A-44E8-9295-DB881C3F2290}.Debug|Win32.Build.0 = Debug|Win32
		{32F84D19-D35A-44E8-9295-DB881C3F2290}.Release|Win32.ActiveCfg = Release|Win32
		{32F84D19-D35A-44E8-9295-DB881C3F2290}.Release|Win32.Build.0 = Release|Win32
		{529024CA-850E-4906-9EEB-9E5805035D81}.Debug|Win32.ActiveCfg = Debug|Win32
		{529024CA-850E-4906-9EEB-9E5805035D81}.Debug|Win32.Build.0 = Debug|Win32
		{529024CA-850E-4906-9EEB-9E5805035D81}.Release|Win32.ActiveCfg = Release|Win32
		{529024CA-850E-4906-9EEB-9E5805035D81}.Release|Win32.Build.0 = Release|Win32
		{408F9256-B006-4077-B4E3-8DD587715913}.Debug|Win32.ActiveCfg = Debug|Win32
		{408F9256-B006-4077-B4E3-8DD587715913}.Debug|Win32.Build.0 = Debug|Win32
		{408F9256-B006-4077-B4E3-8DD587715913}.Release|Win32.ActiveCfg = Release|Win32
		{408F9256-B006-4077-B4E3-8DD587715913}.Release|Win32.Build.0 = Release|Win32
		{7E9CED57-2D61-4AA1-A535-A5864F8425CC}.Debug|Win32.ActiveCfg = Debug|Win32
		{7E9CED57-2D61-4AA1-A535-A5864F8425CC}.Debug|Win32.Build.0 = Debug|Win32
		{7E9CED57-2D61-4AA1-A535-A5864F8425CC}.Release|Win32.ActiveCfg = Release|Win32
		{7E9CED57-2D61-4AA1-A535-A5864F8425CC}.Release|Win32.Build.0 = Release|Win32
		{5FF11CAC-72FB-45C9-BF07-4EA3ABC18FF7}.Debug|Win32.ActiveCfg = Debug|Win32
		{5FF11CAC-72FB-45C9-BF07-4EA3ABC18FF7}.Debug|Win32.Build.0 = Debug|Win32
		{5FF11CAC-72FB-45C9-BF07-4EA3ABC18FF7}.Release|Win32.ActiveCfg = Release|Win32
		{5FF11CAC-72FB-45C9-BF07-4EA3ABC18FF7}.Release|Win32.Build.0 = Release|Win32
		{4AAF2734-1A07-4DC5-8D15-73337DBB0FC9}.Debug|Win32.ActiveCfg = Debug|Win32
		{4AAF2734-1A07-4DC5-8D15-73337DBB0FC9}.Debug|Win32.Build.0 = Debug|Win32
		{4AAF2734-1A07-4DC5-8D15-73337DBB0FC9}.Release|Win32.ActiveCfg = Release|Win32
		{4AAF2734-1A07-4DC5-8D15-73337DBB0FC9}.Release|Win32.Build.0 = Release|Win32
		{073F4C82-2BE6-45A0-AE69-02C4996C9041}.Debug|Win32.ActiveCfg = Debug|Win32
		{073F4C82-2BE6-45A0-AE69-02C4996C9041}.Debug|Win32.Build.0 = Debug|Win32
		{073F4C82-2BE6-45A0-AE69-02C4996C9041}.Release|Win32.ActiveCfg = Release|Win32
		{073F4C82-2BE6-45A0-AE69-02C4996C9041}.Release|Win32.Build.0 = Release|Win32
		{C9E90721-2C38-4CBA-AF3D-96CCA0A88156}.Debug|Win32.ActiveCfg = Debug|Win32
		{C9E90721-2C38-4CBA-AF3D-96CCA0A88156}.Debug|Win32.Build.0 = Debug|Win32
		{C9E90721-2C38-4CBA-AF3D-96CCA0A88156}.Release|Win32.ActiveCfg = Release|Win32
		{C9E90721-2C38-4CBA-AF3D-96CCA0A88156}.Release|Win32.Build.0 = Release|Win32
	EndGlobalSection
	GlobalSection(SolutionProperties) = preSolution
		HideSolutionNode = FALSE
	EndGlobalSection
EndGlobal
